
Microsoft Visual Studio Solution File, Format Version 12.00
# Visual Studio Version 17
VisualStudioVersion = 17.1.32407.343
MinimumVisualStudioVersion = 10.0.40219.1
Project("{2150E333-8FDC-42A3-9474-1A3956D46DE8}") = "src", "src", "{55D2DF75-2E35-47BF-9509-F24B2B946E01}"
EndProject
Project("{2150E333-8FDC-42A3-9474-1A3956D46DE8}") = "test", "test", "{12B99AE3-591B-40DE-9807-0F834FE76C26}"
EndProject
Project("{9A19103F-16F7-4668-BE54-9A1E7A4F7556}") = "ConverterApi", "src\ConverterApi\ConverterApi.csproj", "{CD0917F4-21D8-431A-AA93-4AF6408CBCED}"
EndProject
Project("{9A19103F-16F7-4668-BE54-9A1E7A4F7556}") = "HistoryApi", "src\HistoryApi\HistoryApi.csproj", "{7FC58D43-0CDE-4149-B775-2182139E7112}"
EndProject
Project("{9A19103F-16F7-4668-BE54-9A1E7A4F7556}") = "SharedData", "src\SharedData\SharedData.csproj", "{AA67B280-5F15-483D-AE4A-32DB1D899537}"
EndProject
Project("{9A19103F-16F7-4668-BE54-9A1E7A4F7556}") = "ConverterApi.Tests", "test\ConverterApi.Tests\ConverterApi.Tests.csproj", "{46516AFD-33B1-4CC5-8B47-FA9910EA4DFA}"
EndProject
Project("{9A19103F-16F7-4668-BE54-9A1E7A4F7556}") = "HistoryApi.Tests", "test\HistoryApi.Tests\HistoryApi.Tests.csproj", "{D4C85E80-62FB-4D44-A20D-D5D90D0479D0}"
EndProject
Global
	GlobalSection(SolutionConfigurationPlatforms) = preSolution
		Debug|Any CPU = Debug|Any CPU
		Release|Any CPU = Release|Any CPU
	EndGlobalSection
	GlobalSection(ProjectConfigurationPlatforms) = postSolution
		{CD0917F4-21D8-431A-AA93-4AF6408CBCED}.Debug|Any CPU.ActiveCfg = Debug|Any CPU
		{CD0917F4-21D8-431A-AA93-4AF6408CBCED}.Debug|Any CPU.Build.0 = Debug|Any CPU
		{CD0917F4-21D8-431A-AA93-4AF6408CBCED}.Release|Any CPU.ActiveCfg = Release|Any CPU
		{CD0917F4-21D8-431A-AA93-4AF6408CBCED}.Release|Any CPU.Build.0 = Release|Any CPU
		{7FC58D43-0CDE-4149-B775-2182139E7112}.Debug|Any CPU.ActiveCfg = Debug|Any CPU
		{7FC58D43-0CDE-4149-B775-2182139E7112}.Debug|Any CPU.Build.0 = Debug|Any CPU
		{7FC58D43-0CDE-4149-B775-2182139E7112}.Release|Any CPU.ActiveCfg = Release|Any CPU
		{7FC58D43-0CDE-4149-B775-2182139E7112}.Release|Any CPU.Build.0 = Release|Any CPU
		{AA67B280-5F15-483D-AE4A-32DB1D899537}.Debug|Any CPU.ActiveCfg = Debug|Any CPU
		{AA67B280-5F15-483D-AE4A-32DB1D899537}.Debug|Any CPU.Build.0 = Debug|Any CPU
		{AA67B280-5F15-483D-AE4A-32DB1D899537}.Release|Any CPU.ActiveCfg = Release|Any CPU
		{AA67B280-5F15-483D-AE4A-32DB1D899537}.Release|Any CPU.Build.0 = Release|Any CPU
		{46516AFD-33B1-4CC5-8B47-FA9910EA4DFA}.Debug|Any CPU.ActiveCfg = Debug|Any CPU
		{46516AFD-33B1-4CC5-8B47-FA9910EA4DFA}.Debug|Any CPU.Build.0 = Debug|Any CPU
		{46516AFD-33B1-4CC5-8B47-FA9910EA4DFA}.Release|Any CPU.ActiveCfg = Release|Any CPU
		{46516AFD-33B1-4CC5-8B47-FA9910EA4DFA}.Release|Any CPU.Build.0 = Release|Any CPU
		{D4C85E80-62FB-4D44-A20D-D5D90D0479D0}.Debug|Any CPU.ActiveCfg = Debug|Any CPU
		{D4C85E80-62FB-4D44-A20D-D5D90D0479D0}.Debug|Any CPU.Build.0 = Debug|Any CPU
		{D4C85E80-62FB-4D44-A20D-D5D90D0479D0}.Release|Any CPU.ActiveCfg = Release|Any CPU
		{D4C85E80-62FB-4D44-A20D-D5D90D0479D0}.Release|Any CPU.Build.0 = Release|Any CPU
	EndGlobalSection
	GlobalSection(SolutionProperties) = preSolution
		HideSolutionNode = FALSE
	EndGlobalSection
	GlobalSection(NestedProjects) = preSolution
		{CD0917F4-21D8-431A-AA93-4AF6408CBCED} = {55D2DF75-2E35-47BF-9509-F24B2B946E01}
		{7FC58D43-0CDE-4149-B775-2182139E7112} = {55D2DF75-2E35-47BF-9509-F24B2B946E01}
		{AA67B280-5F15-483D-AE4A-32DB1D899537} = {55D2DF75-2E35-47BF-9509-F24B2B946E01}
		{46516AFD-33B1-4CC5-8B47-FA9910EA4DFA} = {12B99AE3-591B-40DE-9807-0F834FE76C26}
		{D4C85E80-62FB-4D44-A20D-D5D90D0479D0} = {12B99AE3-591B-40DE-9807-0F834FE76C26}
	EndGlobalSection
	GlobalSection(ExtensibilityGlobals) = postSolution
		SolutionGuid = {FC569C90-B4DB-48AF-A181-056E1CF8CF0E}
	EndGlobalSection
EndGlobal
